
Microsoft Visual Studio Solution File, Format Version 12.00
# Visual Studio Version 17
VisualStudioVersion = 17.12.35527.113 d17.12
MinimumVisualStudioVersion = 10.0.40219.1
Project("{FAE04EC0-301F-11D3-BF4B-00C04F79EFBC}") = "Presentation", "Presentation\Presentation.csproj", "{382929BA-2205-4486-9DCF-5392E47BD446}"
EndProject
Project("{FAE04EC0-301F-11D3-BF4B-00C04F79EFBC}") = "Persistance", "Persistance\Persistance.csproj", "{8B9E84AD-4588-4A4B-8BEC-1A4942BB0585}"
EndProject
Project("{FAE04EC0-301F-11D3-BF4B-00C04F79EFBC}") = "Logic", "Logic\Logic.csproj", "{0B6A3518-DFD9-4C94-81BB-581F467E532B}"
EndProject
Global
	GlobalSection(SolutionConfigurationPlatforms) = preSolution
		Debug|Any CPU = Debug|Any CPU
		Release|Any CPU = Release|Any CPU
	EndGlobalSection
	GlobalSection(ProjectConfigurationPlatforms) = postSolution
		{382929BA-2205-4486-9DCF-5392E47BD446}.Debug|Any CPU.ActiveCfg = Debug|Any CPU
		{382929BA-2205-4486-9DCF-5392E47BD446}.Debug|Any CPU.Build.0 = Debug|Any CPU
		{382929BA-2205-4486-9DCF-5392E47BD446}.Release|Any CPU.ActiveCfg = Release|Any CPU
		{382929BA-2205-4486-9DCF-5392E47BD446}.Release|Any CPU.Build.0 = Release|Any CPU
		{8B9E84AD-4588-4A4B-8BEC-1A4942BB0585}.Debug|Any CPU.ActiveCfg = Debug|Any CPU
		{8B9E84AD-4588-4A4B-8BEC-1A4942BB0585}.Debug|Any CPU.Build.0 = Debug|Any CPU
		{8B9E84AD-4588-4A4B-8BEC-1A4942BB0585}.Release|Any CPU.ActiveCfg = Release|Any CPU
		{8B9E84AD-4588-4A4B-8BEC-1A4942BB0585}.Release|Any CPU.Build.0 = Release|Any CPU
		{0B6A3518-DFD9-4C94-81BB-581F467E532B}.Debug|Any CPU.ActiveCfg = Debug|Any CPU
		{0B6A3518-DFD9-4C94-81BB-581F467E532B}.Debug|Any CPU.Build.0 = Debug|Any CPU
		{0B6A3518-DFD9-4C94-81BB-581F467E532B}.Release|Any CPU.ActiveCfg = Release|Any CPU
		{0B6A3518-DFD9-4C94-81BB-581F467E532B}.Release|Any CPU.Build.0 = Release|Any CPU
	EndGlobalSection
	GlobalSection(SolutionProperties) = preSolution
		HideSolutionNode = FALSE
	EndGlobalSection
EndGlobal
